
Microsoft Visual Studio Solution File, Format Version 12.00
# Visual Studio Version 16
VisualStudioVersion = 16.0.30320.27
MinimumVisualStudioVersion = 10.0.40219.1
Project("{9A19103F-16F7-4668-BE54-9A1E7A4F7556}") = "Pathfinding", "AStarPathfinding\Pathfinding.csproj", "{18E89B58-C3F6-482C-B7AC-F9DC341E8AA9}"
EndProject
Project("{9A19103F-16F7-4668-BE54-9A1E7A4F7556}") = "AStarPathfindingDemo", "AStarPathfindingDemo\AStarPathfindingDemo.csproj", "{1DB2A6CA-4CFB-4A79-81C7-495C7E8FEBDC}"
EndProject
Global
	GlobalSection(SolutionConfigurationPlatforms) = preSolution
		Debug|Any CPU = Debug|Any CPU
		Release|Any CPU = Release|Any CPU
	EndGlobalSection
	GlobalSection(ProjectConfigurationPlatforms) = postSolution
		{18E89B58-C3F6-482C-B7AC-F9DC341E8AA9}.Debug|Any CPU.ActiveCfg = Debug|Any CPU
		{18E89B58-C3F6-482C-B7AC-F9DC341E8AA9}.Debug|Any CPU.Build.0 = Debug|Any CPU
		{18E89B58-C3F6-482C-B7AC-F9DC341E8AA9}.Release|Any CPU.ActiveCfg = Release|Any CPU
		{18E89B58-C3F6-482C-B7AC-F9DC341E8AA9}.Release|Any CPU.Build.0 = Release|Any CPU
		{1DB2A6CA-4CFB-4A79-81C7-495C7E8FEBDC}.Debug|Any CPU.ActiveCfg = Debug|Any CPU
		{1DB2A6CA-4CFB-4A79-81C7-495C7E8FEBDC}.Debug|Any CPU.Build.0 = Debug|Any CPU
		{1DB2A6CA-4CFB-4A79-81C7-495C7E8FEBDC}.Release|Any CPU.ActiveCfg = Release|Any CPU
		{1DB2A6CA-4CFB-4A79-81C7-495C7E8FEBDC}.Release|Any CPU.Build.0 = Release|Any CPU
	EndGlobalSection
	GlobalSection(SolutionProperties) = preSolution
		HideSolutionNode = FALSE
	EndGlobalSection
	GlobalSection(ExtensibilityGlobals) = postSolution
		SolutionGuid = {AF2EC68A-2CE8-4D6F-B6ED-46035BA60579}
	EndGlobalSection
EndGlobal
